
Microsoft Visual Studio Solution File, Format Version 12.00
# Visual Studio Version 17
VisualStudioVersion = 17.13.35806.99 d17.13
MinimumVisualStudioVersion = 10.0.40219.1
Project("{FAE04EC0-301F-11D3-BF4B-00C04F79EFBC}") = "AnimalMatchingGame", "AnimalMatchingGame.csproj", "{FB91A721-1E7C-4E0A-9CE1-AB9DAB133421}"
EndProject
Global
	GlobalSection(SolutionConfigurationPlatforms) = preSolution
		Debug|Any CPU = Debug|Any CPU
		Release|Any CPU = Release|Any CPU
	EndGlobalSection
	GlobalSection(ProjectConfigurationPlatforms) = postSolution
		{FB91A721-1E7C-4E0A-9CE1-AB9DAB133421}.Debug|Any CPU.ActiveCfg = Debug|Any CPU
		{FB91A721-1E7C-4E0A-9CE1-AB9DAB133421}.Debug|Any CPU.Build.0 = Debug|Any CPU
		{FB91A721-1E7C-4E0A-9CE1-AB9DAB133421}.Debug|Any CPU.Deploy.0 = Debug|Any CPU
		{FB91A721-1E7C-4E0A-9CE1-AB9DAB133421}.Release|Any CPU.ActiveCfg = Release|Any CPU
		{FB91A721-1E7C-4E0A-9CE1-AB9DAB133421}.Release|Any CPU.Build.0 = Release|Any CPU
		{FB91A721-1E7C-4E0A-9CE1-AB9DAB133421}.Release|Any CPU.Deploy.0 = Release|Any CPU
	EndGlobalSection
	GlobalSection(SolutionProperties) = preSolution
		HideSolutionNode = FALSE
	EndGlobalSection
	GlobalSection(ExtensibilityGlobals) = postSolution
		SolutionGuid = {B11315AF-3295-4CE6-9B02-1166EA133BE6}
	EndGlobalSection
EndGlobal
